
Microsoft Visual Studio Solution File, Format Version 12.00
# Visual Studio Version 17
VisualStudioVersion = 17.10.35013.160
MinimumVisualStudioVersion = 10.0.40219.1
Project("{9A19103F-16F7-4668-BE54-9A1E7A4F7556}") = "MikaruEmcora", "mikaruEmcora\MikaruEmcora.csproj", "{BF326BA8-A8C1-498A-857E-C2EA583B2518}"
EndProject
Project("{9A19103F-16F7-4668-BE54-9A1E7A4F7556}") = "MikaruEmcora.Core", "mikaruEmcora.Core\MikaruEmcora.Core.csproj", "{FAAD9511-4EBD-4BD8-A6EE-42A67A1F395B}"
EndProject
Project("{9A19103F-16F7-4668-BE54-9A1E7A4F7556}") = "MikaruEmcora.Infraestructure", "mikaruEmcora.Infraestructura\MikaruEmcora.Infraestructure.csproj", "{D876DDA7-F076-49C3-AC85-2C1BBAD6D8E3}"
EndProject
Project("{FAE04EC0-301F-11D3-BF4B-00C04F79EFBC}") = "MikaruEmcora.Application", "MikaruEmcora.Application\MikaruEmcora.Application.csproj", "{946C609E-3610-4959-81DF-066F8BBB3A18}"
EndProject
Global
	GlobalSection(SolutionConfigurationPlatforms) = preSolution
		Debug|Any CPU = Debug|Any CPU
		Release|Any CPU = Release|Any CPU
	EndGlobalSection
	GlobalSection(ProjectConfigurationPlatforms) = postSolution
		{BF326BA8-A8C1-498A-857E-C2EA583B2518}.Debug|Any CPU.ActiveCfg = Debug|Any CPU
		{BF326BA8-A8C1-498A-857E-C2EA583B2518}.Debug|Any CPU.Build.0 = Debug|Any CPU
		{BF326BA8-A8C1-498A-857E-C2EA583B2518}.Release|Any CPU.ActiveCfg = Release|Any CPU
		{BF326BA8-A8C1-498A-857E-C2EA583B2518}.Release|Any CPU.Build.0 = Release|Any CPU
		{FAAD9511-4EBD-4BD8-A6EE-42A67A1F395B}.Debug|Any CPU.ActiveCfg = Debug|Any CPU
		{FAAD9511-4EBD-4BD8-A6EE-42A67A1F395B}.Debug|Any CPU.Build.0 = Debug|Any CPU
		{FAAD9511-4EBD-4BD8-A6EE-42A67A1F395B}.Release|Any CPU.ActiveCfg = Release|Any CPU
		{FAAD9511-4EBD-4BD8-A6EE-42A67A1F395B}.Release|Any CPU.Build.0 = Release|Any CPU
		{D876DDA7-F076-49C3-AC85-2C1BBAD6D8E3}.Debug|Any CPU.ActiveCfg = Debug|Any CPU
		{D876DDA7-F076-49C3-AC85-2C1BBAD6D8E3}.Debug|Any CPU.Build.0 = Debug|Any CPU
		{D876DDA7-F076-49C3-AC85-2C1BBAD6D8E3}.Release|Any CPU.ActiveCfg = Release|Any CPU
		{D876DDA7-F076-49C3-AC85-2C1BBAD6D8E3}.Release|Any CPU.Build.0 = Release|Any CPU
		{946C609E-3610-4959-81DF-066F8BBB3A18}.Debug|Any CPU.ActiveCfg = Debug|Any CPU
		{946C609E-3610-4959-81DF-066F8BBB3A18}.Debug|Any CPU.Build.0 = Debug|Any CPU
		{946C609E-3610-4959-81DF-066F8BBB3A18}.Release|Any CPU.ActiveCfg = Release|Any CPU
		{946C609E-3610-4959-81DF-066F8BBB3A18}.Release|Any CPU.Build.0 = Release|Any CPU
	EndGlobalSection
	GlobalSection(SolutionProperties) = preSolution
		HideSolutionNode = FALSE
	EndGlobalSection
	GlobalSection(ExtensibilityGlobals) = postSolution
		SolutionGuid = {BC86FE44-7FD7-4408-A0D7-4430754BCC73}
	EndGlobalSection
EndGlobal
